
Microsoft Visual Studio Solution File, Format Version 10.00
# Visual C++ Express 2008
Project("{8BC9CEB8-8B4A-11D0-8D11-00A0C91BC942}") = "TheRosaryDS", "TheRosaryDS\TheRosaryDS.vcproj", "{CFE2FD10-E945-4647-A498-E15462C448FA}"
EndProject
Global
	GlobalSection(SolutionConfigurationPlatforms) = preSolution
		Debug|Win32 = Debug|Win32
		Release|Win32 = Release|Win32
	EndGlobalSection
	GlobalSection(ProjectConfigurationPlatforms) = postSolution
		{CFE2FD10-E945-4647-A498-E15462C448FA}.Debug|Win32.ActiveCfg = Release|Win32
		{CFE2FD10-E945-4647-A498-E15462C448FA}.Debug|Win32.Build.0 = Release|Win32
		{CFE2FD10-E945-4647-A498-E15462C448FA}.Release|Win32.ActiveCfg = Release|Win32
		{CFE2FD10-E945-4647-A498-E15462C448FA}.Release|Win32.Build.0 = Release|Win32
	EndGlobalSection
	GlobalSection(SolutionProperties) = preSolution
		HideSolutionNode = FALSE
	EndGlobalSection
EndGlobal
